
Microsoft Visual Studio Solution File, Format Version 12.00
# Visual Studio Version 16
VisualStudioVersion = 16.0.28714.193
MinimumVisualStudioVersion = 10.0.40219.1
Project("{9A19103F-16F7-4668-BE54-9A1E7A4F7556}") = "SimpleProxy", "SimpleProxy\SimpleProxy.csproj", "{396DF864-9858-4A83-A6EA-E2F1A8BFE9E8}"
EndProject
Project("{FAE04EC0-301F-11D3-BF4B-00C04F79EFBC}") = "SimpleProxy.Client", "SimpleProxy.Client\SimpleProxy.Client.csproj", "{892DC68B-10A5-4ECF-8FC7-598FB894064C}"
EndProject
Global
	GlobalSection(SolutionConfigurationPlatforms) = preSolution
		Debug|Any CPU = Debug|Any CPU
		Release|Any CPU = Release|Any CPU
	EndGlobalSection
	GlobalSection(ProjectConfigurationPlatforms) = postSolution
		{396DF864-9858-4A83-A6EA-E2F1A8BFE9E8}.Debug|Any CPU.ActiveCfg = Debug|Any CPU
		{396DF864-9858-4A83-A6EA-E2F1A8BFE9E8}.Debug|Any CPU.Build.0 = Debug|Any CPU
		{396DF864-9858-4A83-A6EA-E2F1A8BFE9E8}.Release|Any CPU.ActiveCfg = Release|Any CPU
		{396DF864-9858-4A83-A6EA-E2F1A8BFE9E8}.Release|Any CPU.Build.0 = Release|Any CPU
		{892DC68B-10A5-4ECF-8FC7-598FB894064C}.Debug|Any CPU.ActiveCfg = Debug|Any CPU
		{892DC68B-10A5-4ECF-8FC7-598FB894064C}.Debug|Any CPU.Build.0 = Debug|Any CPU
		{892DC68B-10A5-4ECF-8FC7-598FB894064C}.Release|Any CPU.ActiveCfg = Release|Any CPU
		{892DC68B-10A5-4ECF-8FC7-598FB894064C}.Release|Any CPU.Build.0 = Release|Any CPU
	EndGlobalSection
	GlobalSection(SolutionProperties) = preSolution
		HideSolutionNode = FALSE
	EndGlobalSection
	GlobalSection(ExtensibilityGlobals) = postSolution
		SolutionGuid = {D7F6BCB9-6E6C-49F4-A31F-174CF9F2FE5D}
	EndGlobalSection
EndGlobal
